[[package]]
name = "numpy"
version = "1.23.0"
description = "NumPy is the fundamental package for array computing with Python."
category = "main"
optional = false
python-versions = ">=3.8"

[[package]]
name = "polars"
version = "0.13.51"
description = "Blazingly fast DataFrame library"
category = "main"
optional = false
python-versions = ">=3.7"

[package.dependencies]
numpy = ">=1.16.0"
pyarrow = {version = ">=4.0", optional = true, markers = "extra == \"pyarrow\""}
typing_extensions = {version = ">=4.0.0", markers = "python_version < \"3.10\""}

[package.extras]
pyarrow = ["pyarrow (>=4.0)"]
fsspec = ["fsspec"]
connectorx = ["connectorx"]
pandas = ["pyarrow (>=4.0)", "pandas"]
xlsx2csv = ["xlsx2csv"]

[[package]]
name = "pyarrow"
version = "8.0.0"
description = "Python library for Apache Arrow"
category = "main"
optional = false
python-versions = ">=3.7"

[package.dependencies]
numpy = ">=1.16.6"

[[package]]
name = "typing-extensions"
version = "4.3.0"
description = "Backported and Experimental Type Hints for Python 3.7+"
category = "main"
optional = false
python-versions = ">=3.7"

[metadata]
lock-version = "1.1"
python-versions = "^3.8"
content-hash = "fcf8cc53933738c9a75c7a6fce66f08e6f72dc8be94cf0faf4d720d390026ab2"

[metadata.files]
numpy = [
    {file = "numpy-1.23.0-cp310-cp310-macosx_10_9_x86_64.whl", hash = "sha256:58bfd40eb478f54ff7a5710dd61c8097e169bc36cc68333d00a9bcd8def53b38"},
    {file = "numpy-1.23.0-cp310-cp310-macosx_11_0_arm64.whl", hash = "sha256:196cd074c3f97c4121601790955f915187736f9cf458d3ee1f1b46aff2b1ade0"},
    {file = "numpy-1.23.0-cp310-cp310-manylinux_2_17_aarch64.manylinux2014_aarch64.whl", hash = "sha256:f1d88ef79e0a7fa631bb2c3dda1ea46b32b1fe614e10fedd611d3d5398447f2f"},
    {file = "numpy-1.23.0-cp310-cp310-manylinux_2_17_x86_64.manylinux2014_x86_64.whl", hash = "sha256:d54b3b828d618a19779a84c3ad952e96e2c2311b16384e973e671aa5be1f6187"},
    {file = "numpy-1.23.0-cp310-cp310-win32.whl", hash = "sha256:2b2da66582f3a69c8ce25ed7921dcd8010d05e59ac8d89d126a299be60421171"},
    {file = "numpy-1.23.0-cp310-cp310-win_amd64.whl", hash = "sha256:97a76604d9b0e79f59baeca16593c711fddb44936e40310f78bfef79ee9a835f"},
    {file = "numpy-1.23.0-cp38-cp38-macosx_10_9_x86_64.whl", hash = "sha256:d8cc87bed09de55477dba9da370c1679bd534df9baa171dd01accbb09687dac3"},
    {file = "numpy-1.23.0-cp38-cp38-macosx_11_0_arm64.whl", hash = "sha256:f0f18804df7370571fb65db9b98bf1378172bd4e962482b857e612d1fec0f53e"},
    {file = "numpy-1.23.0-cp38-cp38-manylinux_2_17_aarch64.manylinux2014_aarch64.whl", hash = "sha256:ac86f407873b952679f5f9e6c0612687e51547af0e14ddea1eedfcb22466babd"},
    {file = "numpy-1.23.0-cp38-cp38-manylinux_2_17_x86_64.manylinux2014_x86_64.whl", hash = "sha256:ae8adff4172692ce56233db04b7ce5792186f179c415c37d539c25de7298d25d"},
    {file = "numpy-1.23.0-cp38-cp38-win32.whl", hash = "sha256:fe8b9683eb26d2c4d5db32cd29b38fdcf8381324ab48313b5b69088e0e355379"},
    {file = "numpy-1.23.0-cp38-cp38-win_amd64.whl", hash = "sha256:5043bcd71fcc458dfb8a0fc5509bbc979da0131b9d08e3d5f50fb0bbb36f169a"},
    {file = "numpy-1.23.0-cp39-cp39-macosx_10_9_x86_64.whl", hash = "sha256:1c29b44905af288b3919803aceb6ec7fec77406d8b08aaa2e8b9e63d0fe2f160"},
    {file = "numpy-1.23.0-cp39-cp39-macosx_11_0_arm64.whl", hash = "sha256:98e8e0d8d69ff4d3fa63e6c61e8cfe2d03c29b16b58dbef1f9baa175bbed7860"},
    {file = "numpy-1.23.0-cp39-cp39-manylinux_2_17_aarch64.manylinux2014_aarch64.whl", hash = "sha256:79a506cacf2be3a74ead5467aee97b81fca00c9c4c8b3ba16dbab488cd99ba10"},
    {file = "numpy-1.23.0-cp39-cp39-manylinux_2_17_x86_64.manylinux2014_x86_64.whl", hash = "sha256:092f5e6025813e64ad6d1b52b519165d08c730d099c114a9247c9bb635a2a450"},
    {file = "numpy-1.23.0-cp39-cp39-win32.whl", hash = "sha256:d6ca8dabe696c2785d0c8c9b0d8a9b6e5fdbe4f922bde70d57fa1a2848134f95"},
    {file = "numpy-1.23.0-cp39-cp39-win_amd64.whl", hash = "sha256:fc431493df245f3c627c0c05c2bd134535e7929dbe2e602b80e42bf52ff760bc"},
    {file = "numpy-1.23.0-pp38-pypy38_pp73-macosx_10_9_x86_64.whl", hash = "sha256:f9c3fc2adf67762c9fe1849c859942d23f8d3e0bee7b5ed3d4a9c3eeb50a2f07"},
    {file = "numpy-1.23.0-pp38-pypy38_pp73-manylinux_2_17_x86_64.manylinux2014_x86_64.whl", hash = "sha256:d0d2094e8f4d760500394d77b383a1b06d3663e8892cdf5df3c592f55f3bff66"},
    {file = "numpy-1.23.0-pp38-pypy38_pp73-win_amd64.whl", hash = "sha256:94b170b4fa0168cd6be4becf37cb5b127bd12a795123984385b8cd4aca9857e5"},
    {file = "numpy-1.23.0.tar.gz", hash = "sha256:bd3fa4fe2e38533d5336e1272fc4e765cabbbde144309ccee8675509d5cd7b05"},
]
polars = [
    {file = "polars-0.13.51-cp37-abi3-macosx_10_7_x86_64.whl", hash = "sha256:bbb9055c086eddcb8efb9d09b49cfbbe06b0de940d3145ac47fc1cdf0f6e1a1a"},
    {file = "polars-0.13.51-cp37-abi3-macosx_11_0_arm64.whl", hash = "sha256:e01fa8c9f82ca58c3dfbad394cd05870cfbad187395267a8eb32015f9b280115"},
    {file = "polars-0.13.51-cp37-abi3-manylinux_2_12_x86_64.manylinux2010_x86_64.whl", hash = "sha256:fc15ab90905f643e9e7c53ba37952fea71a5c34ff5e1bb1fbc149622a05c4bae"},
    {file = "polars-0.13.51-cp37-abi3-manylinux_2_24_aarch64.whl", hash = "sha256:9d3443cc7d184ceabac1522c70b04b9a2f9a585d4b24d46f0de1db9808c89fdc"},
    {file = "polars-0.13.51-cp37-abi3-win_amd64.whl", hash = "sha256:947f5193c5156b9186a81e3f2330c5dc6e1558a59ddff5792383aa00463e46a8"},
    {file = "polars-0.13.51.tar.gz", hash = "sha256:234f018c0476b19a2ffedd6cc04c8765a4aafa374d4d9a7ce920aadfb29df695"},
]
pyarrow = [
    {file = "pyarrow-8.0.0-cp310-cp310-macosx_10_13_universal2.whl", hash = "sha256:d5ef4372559b191cafe7db8932801eee252bfc35e983304e7d60b6954576a071"},
    {file = "pyarrow-8.0.0-cp310-cp310-macosx_10_13_x86_64.whl", hash = "sha256:863be6bad6c53797129610930794a3e797cb7d41c0a30e6794a2ac0e42ce41b8"},
    {file = "pyarrow-8.0.0-cp310-cp310-macosx_10_9_x86_64.whl", hash = "sha256:69b043a3fce064ebd9fbae6abc30e885680296e5bd5e6f7353e6a87966cf2ad7"},
    {file = "pyarrow-8.0.0-cp310-cp310-macosx_11_0_arm64.whl", hash = "sha256:51e58778fcb8829fca37fbfaea7f208d5ce7ea89ea133dd13d8ce745278ee6f0"},
    {file = "pyarrow-8.0.0-cp310-cp310-manylinux_2_12_x86_64.manylinux2010_x86_64.whl", hash = "sha256:15511ce2f50343f3fd5e9f7c30e4d004da9134e9597e93e9c96c3985928cbe82"},
    {file = "pyarrow-8.0.0-cp310-cp310-manylinux_2_17_aarch64.manylinux2014_aarch64.whl", hash = "sha256:ea132067ec712d1b1116a841db1c95861508862b21eddbcafefbce8e4b96b867"},
    {file = "pyarrow-8.0.0-cp310-cp310-manylinux_2_17_x86_64.manylinux2014_x86_64.whl", hash = "sha256:deb400df8f19a90b662babceb6dd12daddda6bb357c216e558b207c0770c7654"},
    {file = "pyarrow-8.0.0-cp310-cp310-win_amd64.whl", hash = "sha256:3bd201af6e01f475f02be88cf1f6ee9856ab98c11d8bbb6f58347c58cd07be00"},
    {file = "pyarrow-8.0.0-cp37-cp37m-macosx_10_13_x86_64.whl", hash = "sha256:78a6ac39cd793582998dac88ab5c1c1dd1e6503df6672f064f33a21937ec1d8d"},
    {file = "pyarrow-8.0.0-cp37-cp37m-macosx_10_9_x86_64.whl", hash = "sha256:d6f1e1040413651819074ef5b500835c6c42e6c446532a1ddef8bc5054e8dba5"},
    {file = "pyarrow-8.0.0-cp37-cp37m-manylinux_2_12_x86_64.manylinux2010_x86_64.whl", hash = "sha256:98c13b2e28a91b0fbf24b483df54a8d7814c074c2623ecef40dce1fa52f6539b"},
    {file = "pyarrow-8.0.0-cp37-cp37m-manylinux_2_17_aarch64.manylinux2014_aarch64.whl", hash = "sha256:c9c97c8e288847e091dfbcdf8ce51160e638346f51919a9e74fe038b2e8aee62"},
    {file = "pyarrow-8.0.0-cp37-cp37m-manylinux_2_17_x86_64.manylinux2014_x86_64.whl", hash = "sha256:edad25522ad509e534400d6ab98cf1872d30c31bc5e947712bfd57def7af15bb"},
    {file = "pyarrow-8.0.0-cp37-cp37m-win_amd64.whl", hash = "sha256:ece333706a94c1221ced8b299042f85fd88b5db802d71be70024433ddf3aecab"},
    {file = "pyarrow-8.0.0-cp38-cp38-macosx_10_13_x86_64.whl", hash = "sha256:95c7822eb37663e073da9892f3499fe28e84f3464711a3e555e0c5463fd53a19"},
    {file = "pyarrow-8.0.0-cp38-cp38-macosx_10_9_x86_64.whl", hash = "sha256:25a5f7c7f36df520b0b7363ba9f51c3070799d4b05d587c60c0adaba57763479"},
    {file = "pyarrow-8.0.0-cp38-cp38-macosx_11_0_arm64.whl", hash = "sha256:ce64bc1da3109ef5ab9e4c60316945a7239c798098a631358e9ab39f6e5529e9"},
    {file = "pyarrow-8.0.0-cp38-cp38-manylinux_2_12_x86_64.manylinux2010_x86_64.whl", hash = "sha256:541e7845ce5f27a861eb5b88ee165d931943347eec17b9ff1e308663531c9647"},
    {file = "pyarrow-8.0.0-cp38-cp38-manylinux_2_17_aarch64.manylinux2014_aarch64.whl", hash = "sha256:8cd86e04a899bef43e25184f4b934584861d787cf7519851a8c031803d45c6d8"},
    {file = "pyarrow-8.0.0-cp38-cp38-manylinux_2_17_x86_64.manylinux2014_x86_64.whl", hash = "sha256:ba2b7aa7efb59156b87987a06f5241932914e4d5bbb74a465306b00a6c808849"},
    {file = "pyarrow-8.0.0-cp38-cp38-win_amd64.whl", hash = "sha256:42b7982301a9ccd06e1dd4fabd2e8e5df74b93ce4c6b87b81eb9e2d86dc79871"},
    {file = "pyarrow-8.0.0-cp39-cp39-macosx_10_13_universal2.whl", hash = "sha256:1dd482ccb07c96188947ad94d7536ab696afde23ad172df8e18944ec79f55055"},
    {file = "pyarrow-8.0.0-cp39-cp39-macosx_10_13_x86_64.whl", hash = "sha256:81b87b782a1366279411f7b235deab07c8c016e13f9af9f7c7b0ee564fedcc8f"},
    {file = "pyarrow-8.0.0-cp39-cp39-macosx_10_9_x86_64.whl", hash = "sha256:03a10daad957970e914920b793f6a49416699e791f4c827927fd4e4d892a5d16"},
    {file = "pyarrow-8.0.0-cp39-cp39-macosx_11_0_arm64.whl", hash = "sha256:65c7f4cc2be195e3db09296d31a654bb6d8786deebcab00f0e2455fd109d7456"},
    {file = "pyarrow-8.0.0-cp39-cp39-manylinux_2_12_x86_64.manylinux2010_x86_64.whl", hash = "sha256:3fee786259d986f8c046100ced54d63b0c8c9f7cdb7d1bbe07dc69e0f928141c"},
    {file = "pyarrow-8.0.0-cp39-cp39-manylinux_2_17_aarch64.manylinux2014_aarch64.whl", hash = "sha256:6ea2c54e6b5ecd64e8299d2abb40770fe83a718f5ddc3825ddd5cd28e352cce1"},
    {file = "pyarrow-8.0.0-cp39-cp39-manylinux_2_17_x86_64.manylinux2014_x86_64.whl", hash = "sha256:8392b9a1e837230090fe916415ed4c3433b2ddb1a798e3f6438303c70fbabcfc"},
    {file = "pyarrow-8.0.0-cp39-cp39-win_amd64.whl", hash = "sha256:cb06cacc19f3b426681f2f6803cc06ff481e7fe5b3a533b406bc5b2138843d4f"},
    {file = "pyarrow-8.0.0.tar.gz", hash = "sha256:4a18a211ed888f1ac0b0ebcb99e2d9a3e913a481120ee9b1fe33d3fedb945d4e"},
]
typing-extensions = [
    {file = "typing_extensions-4.3.0-py3-none-any.whl", hash = "sha256:25642c956049920a5aa49edcdd6ab1e06d7e5d467fc00e0506c44ac86fbfca02"},
    {file = "typing_extensions-4.3.0.tar.gz", hash = "sha256:e6d2677a32f47fc7eb2795db1dd15c1f34eff616bcaf2cfb5e997f854fa1c4a6"},
]
